
Microsoft Visual Studio Solution File, Format Version 12.00
# Visual Studio 15
VisualStudioVersion = 15.0.27703.2026
MinimumVisualStudioVersion = 10.0.40219.1
Project("{9A19103F-16F7-4668-BE54-9A1E7A4F7556}") = "Inversions", "src\Inversions\Inversions.csproj", "{7BE65CF6-3E48-4D0F-8232-1E0B9AD814BA}"
EndProject
Project("{9A19103F-16F7-4668-BE54-9A1E7A4F7556}") = "Library.Tests", "test\Library.Tests\Library.Tests.csproj", "{E441FFD0-3625-45C3-AF48-68860095F5E5}"
EndProject
Global
	GlobalSection(SolutionConfigurationPlatforms) = preSolution
		Debug|Any CPU = Debug|Any CPU
		Release|Any CPU = Release|Any CPU
	EndGlobalSection
	GlobalSection(ProjectConfigurationPlatforms) = postSolution
		{7BE65CF6-3E48-4D0F-8232-1E0B9AD814BA}.Debug|Any CPU.ActiveCfg = Debug|Any CPU
		{7BE65CF6-3E48-4D0F-8232-1E0B9AD814BA}.Debug|Any CPU.Build.0 = Debug|Any CPU
		{7BE65CF6-3E48-4D0F-8232-1E0B9AD814BA}.Release|Any CPU.ActiveCfg = Release|Any CPU
		{7BE65CF6-3E48-4D0F-8232-1E0B9AD814BA}.Release|Any CPU.Build.0 = Release|Any CPU
		{E441FFD0-3625-45C3-AF48-68860095F5E5}.Debug|Any CPU.ActiveCfg = Debug|Any CPU
		{E441FFD0-3625-45C3-AF48-68860095F5E5}.Debug|Any CPU.Build.0 = Debug|Any CPU
		{E441FFD0-3625-45C3-AF48-68860095F5E5}.Release|Any CPU.ActiveCfg = Release|Any CPU
		{E441FFD0-3625-45C3-AF48-68860095F5E5}.Release|Any CPU.Build.0 = Release|Any CPU
	EndGlobalSection
	GlobalSection(SolutionProperties) = preSolution
		HideSolutionNode = FALSE
	EndGlobalSection
	GlobalSection(ExtensibilityGlobals) = postSolution
		SolutionGuid = {090F4099-6730-4F9F-8E72-17C2A9EFFA2B}
	EndGlobalSection
EndGlobal
