// !$*UTF8*$!
{
	archiveVersion = 1;
	classes = {
	};
	objectVersion = 46;
	objects = {

/* Begin PBXBuildFile section */
		F62C4C681B8EB71F00A9DFB4 /* CalculatorBrain.swift in Sources */ = {isa = PBXBuildFile; fileRef = F62C4C671B8EB71F00A9DFB4 /* CalculatorBrain.swift */; };
		F63089E91B8989930052BA06 /* AppDelegate.swift in Sources */ = {isa = PBXBuildFile; fileRef = F63089E81B8989930052BA06 /* AppDelegate.swift */; };
		F63089EB1B8989930052BA06 /* ViewController.swift in Sources */ = {isa = PBXBuildFile; fileRef = F63089EA1B8989930052BA06 /* ViewController.swift */; };
		F63089EE1B8989930052BA06 /* Main.storyboard in Resources */ = {isa = PBXBuildFile; fileRef = F63089EC1B8989930052BA06 /* Main.storyboard */; };
		F63089F01B8989930052BA06 /* Images.xcassets in Resources */ = {isa = PBXBuildFile; fileRef = F63089EF1B8989930052BA06 /* Images.xcassets */; };
		F63089F31B8989930052BA06 /* LaunchScreen.xib in Resources */ = {isa = PBXBuildFile; fileRef = F63089F11B8989930052BA06 /* LaunchScreen.xib */; };
		F63089FF1B8989930052BA06 /* CalculatorTests.swift in Sources */ = {isa = PBXBuildFile; fileRef = F63089FE1B8989930052BA06 /* CalculatorTests.swift */; };
/* End PBXBuildFile section */

/* Begin PBXContainerItemProxy section */
		F63089F91B8989930052BA06 /* PBXContainerItemProxy */ = {
			isa = PBXContainerItemProxy;
			containerPortal = F63089DB1B8989930052BA06 /* Project object */;
			proxyType = 1;
			remoteGlobalIDString = F63089E21B8989930052BA06;
			remoteInfo = Calculator;
		};
/* End PBXContainerItemProxy section */

/* Begin PBXFileReference section */
		F62C4C671B8EB71F00A9DFB4 /* CalculatorBrain.swift */ = {isa = PBXFileReference; fileEncoding = 4; lastKnownFileType = sourcecode.swift; path = CalculatorBrain.swift; sourceTree = "<group>"; };
		F63089E31B8989930052BA06 /* Calculator.app */ = {isa = PBXFileReference; explicitFileType = wrapper.application; includeInIndex = 0; path = Calculator.app; sourceTree = BUILT_PRODUCTS_DIR; };
		F63089E71B8989930052BA06 /* Info.plist */ = {isa = PBXFileReference; lastKnownFileType = text.plist.xml; path = Info.plist; sourceTree = "<group>"; };
		F63089E81B8989930052BA06 /* AppDelegate.swift */ = {isa = PBXFileReference; lastKnownFileType = sourcecode.swift; path = AppDelegate.swift; sourceTree = "<group>"; };
		F63089EA1B8989930052BA06 /* ViewController.swift */ = {isa = PBXFileReference; lastKnownFileType = sourcecode.swift; path = ViewController.swift; sourceTree = "<group>"; };
		F63089ED1B8989930052BA06 /* Base */ = {isa = PBXFileReference; lastKnownFileType = file.storyboard; name = Base; path = Base.lproj/Main.storyboard; sourceTree = "<group>"; };
		F63089EF1B8989930052BA06 /* Images.xcassets */ = {isa = PBXFileReference; lastKnownFileType = folder.assetcatalog; path = Images.xcassets; sourceTree = "<group>"; };
		F63089F21B8989930052BA06 /* Base */ = {isa = PBXFileReference; lastKnownFileType = file.xib; name = Base; path = Base.lproj/LaunchScreen.xib; sourceTree = "<group>"; };
		F63089F81B8989930052BA06 /* CalculatorTests.xctest */ = {isa = PBXFileReference; explicitFileType = wrapper.cfbundle; includeInIndex = 0; path = CalculatorTests.xctest; sourceTree = BUILT_PRODUCTS_DIR; };
		F63089FD1B8989930052BA06 /* Info.plist */ = {isa = PBXFileReference; lastKnownFileType = text.plist.xml; path = Info.plist; sourceTree = "<group>"; };
		F63089FE1B8989930052BA06 /* CalculatorTests.swift */ = {isa = PBXFileReference; lastKnownFileType = sourcecode.swift; path = CalculatorTests.swift; sourceTree = "<group>"; };
/* End PBXFileReference section */

/* Begin PBXFrameworksBuildPhase section */
		F63089E01B8989930052BA06 /* Frameworks */ = {
			isa = PBXFrameworksBuildPhase;
			buildActionMask = 2147483647;
			files = (
			);
			runOnlyForDeploymentPostprocessing = 0;
		};
		F63089F51B8989930052BA06 /* Frameworks */ = {
			isa = PBXFrameworksBuildPhase;
			buildActionMask = 2147483647;
			files = (
			);
			runOnlyForDeploymentPostprocessing = 0;
		};
/* End PBXFrameworksBuildPhase section */

/* Begin PBXGroup section */
		F63089DA1B8989930052BA06 = {
			isa = PBXGroup;
			children = (
				F63089E51B8989930052BA06 /* Calculator */,
				F63089FB1B8989930052BA06 /* CalculatorTests */,
				F63089E41B8989930052BA06 /* Products */,
			);
			sourceTree = "<group>";
		};
		F63089E41B8989930052BA06 /* Products */ = {
			isa = PBXGroup;
			children = (
				F63089E31B8989930052BA06 /* Calculator.app */,
				F63089F81B8989930052BA06 /* CalculatorTests.xctest */,
			);
			name = Products;
			sourceTree = "<group>";
		};
		F63089E51B8989930052BA06 /* Calculator */ = {
			isa = PBXGroup;
			children = (
				F63089EA1B8989930052BA06 /* ViewController.swift */,
				F63089EC1B8989930052BA06 /* Main.storyboard */,
				F62C4C671B8EB71F00A9DFB4 /* CalculatorBrain.swift */,
				F63089E61B8989930052BA06 /* Supporting Files */,
			);
			path = Calculator;
			sourceTree = "<group>";
		};
		F63089E61B8989930052BA06 /* Supporting Files */ = {
			isa = PBXGroup;
			children = (
				F63089E81B8989930052BA06 /* AppDelegate.swift */,
				F63089EF1B8989930052BA06 /* Images.xcassets */,
				F63089F11B8989930052BA06 /* LaunchScreen.xib */,
				F63089E71B8989930052BA06 /* Info.plist */,
			);
			name = "Supporting Files";
			sourceTree = "<group>";
		};
		F63089FB1B8989930052BA06 /* CalculatorTests */ = {
			isa = PBXGroup;
			children = (
				F63089FE1B8989930052BA06 /* CalculatorTests.swift */,
				F63089FC1B8989930052BA06 /* Supporting Files */,
			);
			path = CalculatorTests;
			sourceTree = "<group>";
		};
		F63089FC1B8989930052BA06 /* Supporting Files */ = {
			isa = PBXGroup;
			children = (
				F63089FD1B8989930052BA06 /* Info.plist */,
			);
			name = "Supporting Files";
			sourceTree = "<group>";
		};
/* End PBXGroup section */

/* Begin PBXNativeTarget section */
		F63089E21B8989930052BA06 /* Calculator */ = {
			isa = PBXNativeTarget;
			buildConfigurationList = F6308A021B8989930052BA06 /* Build configuration list for PBXNativeTarget "Calculator" */;
			buildPhases = (
				F63089DF1B8989930052BA06 /* Sources */,
				F63089E01B8989930052BA06 /* Frameworks */,
				F63089E11B8989930052BA06 /* Resources */,
			);
			buildRules = (
			);
			dependencies = (
			);
			name = Calculator;
			productName = Calculator;
			productReference = F63089E31B8989930052BA06 /* Calculator.app */;
			productType = "com.apple.product-type.application";
		};
		F63089F71B8989930052BA06 /* CalculatorTests */ = {
			isa = PBXNativeTarget;
			buildConfigurationList = F6308A051B8989930052BA06 /* Build configuration list for PBXNativeTarget "CalculatorTests" */;
			buildPhases = (
				F63089F41B8989930052BA06 /* Sources */,
				F63089F51B8989930052BA06 /* Frameworks */,
				F63089F61B8989930052BA06 /* Resources */,
			);
			buildRules = (
			);
			dependencies = (
				F63089FA1B8989930052BA06 /* PBXTargetDependency */,
			);
			name = CalculatorTests;
			productName = CalculatorTests;
			productReference = F63089F81B8989930052BA06 /* CalculatorTests.xctest */;
			productType = "com.apple.product-type.bundle.unit-test";
		};
/* End PBXNativeTarget section */

/* Begin PBXProject section */
		F63089DB1B8989930052BA06 /* Project object */ = {
			isa = PBXProject;
			attributes = {
				LastUpgradeCheck = 0640;
				ORGANIZATIONNAME = imodules;
				TargetAttributes = {
					F63089E21B8989930052BA06 = {
						CreatedOnToolsVersion = 6.4;
					};
					F63089F71B8989930052BA06 = {
						CreatedOnToolsVersion = 6.4;
						TestTargetID = F63089E21B8989930052BA06;
					};
				};
			};
			buildConfigurationList = F63089DE1B8989930052BA06 /* Build configuration list for PBXProject "Calculator" */;
			compatibilityVersion = "Xcode 3.2";
			developmentRegion = English;
			hasScannedForEncodings = 0;
			knownRegions = (
				en,
				Base,
			);
			mainGroup = F63089DA1B8989930052BA06;
			productRefGroup = F63089E41B8989930052BA06 /* Products */;
			projectDirPath = "";
			projectRoot = "";
			targets = (
				F63089E21B8989930052BA06 /* Calculator */,
				F63089F71B8989930052BA06 /* CalculatorTests */,
			);
		};
/* End PBXProject section */

/* Begin PBXResourcesBuildPhase section */
		F63089E11B8989930052BA06 /* Resources */ = {
			isa = PBXResourcesBuildPhase;
			buildActionMask = 2147483647;
			files = (
				F63089EE1B8989930052BA06 /* Main.storyboard in Resources */,
				F63089F31B8989930052BA06 /* LaunchScreen.xib in Resources */,
				F63089F01B8989930052BA06 /* Images.xcassets in Resources */,
			);
			runOnlyForDeploymentPostprocessing = 0;
		};
		F63089F61B8989930052BA06 /* Resources */ = {
			isa = PBXResourcesBuildPhase;
			buildActionMask = 2147483647;
			files = (
			);
			runOnlyForDeploymentPostprocessing = 0;
		};
/* End PBXResourcesBuildPhase section */

/* Begin PBXSourcesBuildPhase section */
		F63089DF1B8989930052BA06 /* Sources */ = {
			isa = PBXSourcesBuildPhase;
			buildActionMask = 2147483647;
			files = (
				F62C4C681B8EB71F00A9DFB4 /* CalculatorBrain.swift in Sources */,
				F63089EB1B8989930052BA06 /* ViewController.swift in Sources */,
				F63089E91B8989930052BA06 /* AppDelegate.swift in Sources */,
			);
			runOnlyForDeploymentPostprocessing = 0;
		};
		F63089F41B8989930052BA06 /* Sources */ = {
			isa = PBXSourcesBuildPhase;
			buildActionMask = 2147483647;
			files = (
				F63089FF1B8989930052BA06 /* CalculatorTests.swift in Sources */,
			);
			runOnlyForDeploymentPostprocessing = 0;
		};
/* End PBXSourcesBuildPhase section */

/* Begin PBXTargetDependency section */
		F63089FA1B8989930052BA06 /* PBXTargetDependency */ = {
			isa = PBXTargetDependency;
			target = F63089E21B8989930052BA06 /* Calculator */;
			targetProxy = F63089F91B8989930052BA06 /* PBXContainerItemProxy */;
		};
/* End PBXTargetDependency section */

/* Begin PBXVariantGroup section */
		F63089EC1B8989930052BA06 /* Main.storyboard */ = {
			isa = PBXVariantGroup;
			children = (
				F63089ED1B8989930052BA06 /* Base */,
			);
			name = Main.storyboard;
			sourceTree = "<group>";
		};
		F63089F11B8989930052BA06 /* LaunchScreen.xib */ = {
			isa = PBXVariantGroup;
			children = (
				F63089F21B8989930052BA06 /* Base */,
			);
			name = LaunchScreen.xib;
			sourceTree = "<group>";
		};
/* End PBXVariantGroup section */

/* Begin XCBuildConfiguration section */
		F6308A001B8989930052BA06 /* Debug */ = {
			isa = XCBuildConfiguration;
			buildSettings = {
				ALWAYS_SEARCH_USER_PATHS = NO;
				CLANG_CXX_LANGUAGE_STANDARD = "gnu++0x";
				CLANG_CXX_LIBRARY = "libc++";
				CLANG_ENABLE_MODULES = YES;
				CLANG_ENABLE_OBJC_ARC = YES;
				CLANG_WARN_BOOL_CONVERSION = YES;
				CLANG_WARN_CONSTANT_CONVERSION = YES;
				CLANG_WARN_DIRECT_OBJC_ISA_USAGE = YES_ERROR;
				CLANG_WARN_EMPTY_BODY = YES;
				CLANG_WARN_ENUM_CONVERSION = YES;
				CLANG_WARN_INT_CONVERSION = YES;
				CLANG_WARN_OBJC_ROOT_CLASS = YES_ERROR;
				CLANG_WARN_UNREACHABLE_CODE = YES;
				CLANG_WARN__DUPLICATE_METHOD_MATCH = YES;
				"CODE_SIGN_IDENTITY[sdk=iphoneos*]" = "iPhone Developer";
				COPY_PHASE_STRIP = NO;
				DEBUG_INFORMATION_FORMAT = "dwarf-with-dsym";
				ENABLE_STRICT_OBJC_MSGSEND = YES;
				GCC_C_LANGUAGE_STANDARD = gnu99;
				GCC_DYNAMIC_NO_PIC = NO;
				GCC_NO_COMMON_BLOCKS = YES;
				GCC_OPTIMIZATION_LEVEL = 0;
				GCC_PREPROCESSOR_DEFINITIONS = (
					"DEBUG=1",
					"$(inherited)",
				);
				GCC_SYMBOLS_PRIVATE_EXTERN = NO;
				GCC_WARN_64_TO_32_BIT_CONVERSION = YES;
				GCC_WARN_ABOUT_RETURN_TYPE = YES_ERROR;
				GCC_WARN_UNDECLARED_SELECTOR = YES;
				GCC_WARN_UNINITIALIZED_AUTOS = YES_AGGRESSIVE;
				GCC_WARN_UNUSED_FUNCTION = YES;
				GCC_WARN_UNUSED_VARIABLE = YES;
				IPHONEOS_DEPLOYMENT_TARGET = 8.4;
				MTL_ENABLE_DEBUG_INFO = YES;
				ONLY_ACTIVE_ARCH = YES;
				SDKROOT = iphoneos;
				SWIFT_OPTIMIZATION_LEVEL = "-Onone";
				TARGETED_DEVICE_FAMILY = "1,2";
			};
			name = Debug;
		};
		F6308A011B8989930052BA06 /* Release */ = {
			isa = XCBuildConfiguration;
			buildSettings = {
				ALWAYS_SEARCH_USER_PATHS = NO;
				CLANG_CXX_LANGUAGE_STANDARD = "gnu++0x";
				CLANG_CXX_LIBRARY = "libc++";
				CLANG_ENABLE_MODULES = YES;
				CLANG_ENABLE_OBJC_ARC = YES;
				CLANG_WARN_BOOL_CONVERSION = YES;
				CLANG_WARN_CONSTANT_CONVERSION = YES;
				CLANG_WARN_DIRECT_OBJC_ISA_USAGE = YES_ERROR;
				CLANG_WARN_EMPTY_BODY = YES;
				CLANG_WARN_ENUM_CONVERSION = YES;
				CLANG_WARN_INT_CONVERSION = YES;
				CLANG_WARN_OBJC_ROOT_CLASS = YES_ERROR;
				CLANG_WARN_UNREACHABLE_CODE = YES;
				CLANG_WARN__DUPLICATE_METHOD_MATCH = YES;
				"CODE_SIGN_IDENTITY[sdk=iphoneos*]" = "iPhone Developer";
				COPY_PHASE_STRIP = NO;
				DEBUG_INFORMATION_FORMAT = "dwarf-with-dsym";
				ENABLE_NS_ASSERTIONS = NO;
				ENABLE_STRICT_OBJC_MSGSEND = YES;
				GCC_C_LANGUAGE_STANDARD = gnu99;
				GCC_NO_COMMON_BLOCKS = YES;
				GCC_WARN_64_TO_32_BIT_CONVERSION = YES;
				GCC_WARN_ABOUT_RETURN_TYPE = YES_ERROR;
				GCC_WARN_UNDECLARED_SELECTOR = YES;
				GCC_WARN_UNINITIALIZED_AUTOS = YES_AGGRESSIVE;
				GCC_WARN_UNUSED_FUNCTION = YES;
				GCC_WARN_UNUSED_VARIABLE = YES;
				IPHONEOS_DEPLOYMENT_TARGET = 8.4;
				MTL_ENABLE_DEBUG_INFO = NO;
				SDKROOT = iphoneos;
				TARGETED_DEVICE_FAMILY = "1,2";
				VALIDATE_PRODUCT = YES;
			};
			name = Release;
		};
		F6308A031B8989930052BA06 /* Debug */ = {
			isa = XCBuildConfiguration;
			buildSettings = {
				ASSETCATALOG_COMPILER_APPICON_NAME = AppIcon;
				INFOPLIST_FILE = Calculator/Info.plist;
				LD_RUNPATH_SEARCH_PATHS = "$(inherited) @executable_path/Frameworks";
				PRODUCT_NAME = "$(TARGET_NAME)";
			};
			name = Debug;
		};
		F6308A041B8989930052BA06 /* Release */ = {
			isa = XCBuildConfiguration;
			buildSettings = {
				ASSETCATALOG_COMPILER_APPICON_NAME = AppIcon;
				INFOPLIST_FILE = Calculator/Info.plist;
				LD_RUNPATH_SEARCH_PATHS = "$(inherited) @executable_path/Frameworks";
				PRODUCT_NAME = "$(TARGET_NAME)";
			};
			name = Release;
		};
		F6308A061B8989930052BA06 /* Debug */ = {
			isa = XCBuildConfiguration;
			buildSettings = {
				BUNDLE_LOADER = "$(TEST_HOST)";
				FRAMEWORK_SEARCH_PATHS = (
					"$(SDKROOT)/Developer/Library/Frameworks",
					"$(inherited)",
				);
				GCC_PREPROCESSOR_DEFINITIONS = (
					"DEBUG=1",
					"$(inherited)",
				);
				INFOPLIST_FILE = CalculatorTests/Info.plist;
				LD_RUNPATH_SEARCH_PATHS = "$(inherited) @executable_path/Frameworks @loader_path/Frameworks";
				PRODUCT_NAME = "$(TARGET_NAME)";
				TEST_HOST = "$(BUILT_PRODUCTS_DIR)/Calculator.app/Calculator";
			};
			name = Debug;
		};
		F6308A071B8989930052BA06 /* Release */ = {
			isa = XCBuildConfiguration;
			buildSettings = {
				BUNDLE_LOADER = "$(TEST_HOST)";
				FRAMEWORK_SEARCH_PATHS = (
					"$(SDKROOT)/Developer/Library/Frameworks",
					"$(inherited)",
				);
				INFOPLIST_FILE = CalculatorTests/Info.plist;
				LD_RUNPATH_SEARCH_PATHS = "$(inherited) @executable_path/Frameworks @loader_path/Frameworks";
				PRODUCT_NAME = "$(TARGET_NAME)";
				TEST_HOST = "$(BUILT_PRODUCTS_DIR)/Calculator.app/Calculator";
			};
			name = Release;
		};
/* End XCBuildConfiguration section */

/* Begin XCConfigurationList section */
		F63089DE1B8989930052BA06 /* Build configuration list for PBXProject "Calculator" */ = {
			isa = XCConfigurationList;
			buildConfigurations = (
				F6308A001B8989930052BA06 /* Debug */,
				F6308A011B8989930052BA06 /* Release */,
			);
			defaultConfigurationIsVisible = 0;
			defaultConfigurationName = Release;
		};
		F6308A021B8989930052BA06 /* Build configuration list for PBXNativeTarget "Calculator" */ = {
			isa = XCConfigurationList;
			buildConfigurations = (
				F6308A031B8989930052BA06 /* Debug */,
				F6308A041B8989930052BA06 /* Release */,
			);
			defaultConfigurationIsVisible = 0;
			defaultConfigurationName = Release;
		};
		F6308A051B8989930052BA06 /* Build configuration list for PBXNativeTarget "CalculatorTests" */ = {
			isa = XCConfigurationList;
			buildConfigurations = (
				F6308A061B8989930052BA06 /* Debug */,
				F6308A071B8989930052BA06 /* Release */,
			);
			defaultConfigurationIsVisible = 0;
			defaultConfigurationName = Release;
		};
/* End XCConfigurationList section */
	};
	rootObject = F63089DB1B8989930052BA06 /* Project object */;
}
