
Microsoft Visual Studio Solution File, Format Version 12.00
# Visual Studio 15
VisualStudioVersion = 15.0.28010.2036
MinimumVisualStudioVersion = 10.0.40219.1
Project("{FAE04EC0-301F-11D3-BF4B-00C04F79EFBC}") = "VisitorPattern", "VisitorPattern\VisitorPattern.csproj", "{0C033B0B-58B1-434B-8BC6-5A1390BC191A}"
EndProject
Global
	GlobalSection(SolutionConfigurationPlatforms) = preSolution
		Debug|Any CPU = Debug|Any CPU
		Release|Any CPU = Release|Any CPU
	EndGlobalSection
	GlobalSection(ProjectConfigurationPlatforms) = postSolution
		{0C033B0B-58B1-434B-8BC6-5A1390BC191A}.Debug|Any CPU.ActiveCfg = Debug|Any CPU
		{0C033B0B-58B1-434B-8BC6-5A1390BC191A}.Debug|Any CPU.Build.0 = Debug|Any CPU
		{0C033B0B-58B1-434B-8BC6-5A1390BC191A}.Release|Any CPU.ActiveCfg = Release|Any CPU
		{0C033B0B-58B1-434B-8BC6-5A1390BC191A}.Release|Any CPU.Build.0 = Release|Any CPU
	EndGlobalSection
	GlobalSection(SolutionProperties) = preSolution
		HideSolutionNode = FALSE
	EndGlobalSection
	GlobalSection(ExtensibilityGlobals) = postSolution
		SolutionGuid = {64C223C9-4BF2-4770-AB29-9FCA7BC79BFD}
	EndGlobalSection
EndGlobal
