
Microsoft Visual Studio Solution File, Format Version 12.00
# Visual Studio 15
VisualStudioVersion = 15.0.26228.12
MinimumVisualStudioVersion = 10.0.40219.1
Project("{FAE04EC0-301F-11D3-BF4B-00C04F79EFBC}") = "Solutions", "Solutions\Solutions.csproj", "{158BBBC3-1CC0-4C2D-9FD6-DF0F70F1B616}"
EndProject
Project("{FAE04EC0-301F-11D3-BF4B-00C04F79EFBC}") = "Tests", "Tests\Tests.csproj", "{BE84C11C-35C9-401D-B1A9-BFA238B46366}"
EndProject
Global
	GlobalSection(SolutionConfigurationPlatforms) = preSolution
		Debug|Any CPU = Debug|Any CPU
		Release|Any CPU = Release|Any CPU
	EndGlobalSection
	GlobalSection(ProjectConfigurationPlatforms) = postSolution
		{158BBBC3-1CC0-4C2D-9FD6-DF0F70F1B616}.Debug|Any CPU.ActiveCfg = Debug|Any CPU
		{158BBBC3-1CC0-4C2D-9FD6-DF0F70F1B616}.Debug|Any CPU.Build.0 = Debug|Any CPU
		{158BBBC3-1CC0-4C2D-9FD6-DF0F70F1B616}.Release|Any CPU.ActiveCfg = Release|Any CPU
		{158BBBC3-1CC0-4C2D-9FD6-DF0F70F1B616}.Release|Any CPU.Build.0 = Release|Any CPU
		{BE84C11C-35C9-401D-B1A9-BFA238B46366}.Debug|Any CPU.ActiveCfg = Debug|Any CPU
		{BE84C11C-35C9-401D-B1A9-BFA238B46366}.Debug|Any CPU.Build.0 = Debug|Any CPU
		{BE84C11C-35C9-401D-B1A9-BFA238B46366}.Release|Any CPU.ActiveCfg = Release|Any CPU
		{BE84C11C-35C9-401D-B1A9-BFA238B46366}.Release|Any CPU.Build.0 = Release|Any CPU
	EndGlobalSection
	GlobalSection(SolutionProperties) = preSolution
		HideSolutionNode = FALSE
	EndGlobalSection
EndGlobal
